Microsoft Visual Studio Solution File, Format Version 12.00
# Visual Studio Version 17
VisualStudioVersion = 17.11.35222.181
MinimumVisualStudioVersion = 10.0.40219.1
Project("{FAE04EC0-301F-11D3-BF4B-00C04F79EFBC}") = "lab1.AppHost", "lab1.AppHost\lab1.AppHost.csproj", "{7FF8712D-5030-4A09-BE5D-4E0E5E583351}"
EndProject
Project("{9A19103F-16F7-4668-BE54-9A1E7A4F7556}") = "lab1.ServiceDefaults", "lab1.ServiceDefaults\lab1.ServiceDefaults.csproj", "{21FE0526-6B4C-4B71-8146-C3714E6A91C0}"
EndProject
Global
	GlobalSection(SolutionConfigurationPlatforms) = preSolution
		Debug|Any CPU = Debug|Any CPU
		Release|Any CPU = Release|Any CPU
	EndGlobalSection
	GlobalSection(ProjectConfigurationPlatforms) = postSolution
		{7FF8712D-5030-4A09-BE5D-4E0E5E583351}.Debug|Any CPU.ActiveCfg = Debug|Any CPU
		{7FF8712D-5030-4A09-BE5D-4E0E5E583351}.Debug|Any CPU.Build.0 = Debug|Any CPU
		{7FF8712D-5030-4A09-BE5D-4E0E5E583351}.Release|Any CPU.ActiveCfg = Release|Any CPU
		{7FF8712D-5030-4A09-BE5D-4E0E5E583351}.Release|Any CPU.Build.0 = Release|Any CPU
		{21FE0526-6B4C-4B71-8146-C3714E6A91C0}.Debug|Any CPU.ActiveCfg = Debug|Any CPU
		{21FE0526-6B4C-4B71-8146-C3714E6A91C0}.Debug|Any CPU.Build.0 = Debug|Any CPU
		{21FE0526-6B4C-4B71-8146-C3714E6A91C0}.Release|Any CPU.ActiveCfg = Release|Any CPU
		{21FE0526-6B4C-4B71-8146-C3714E6A91C0}.Release|Any CPU.Build.0 = Release|Any CPU
	EndGlobalSection
	GlobalSection(SolutionProperties) = preSolution
		HideSolutionNode = FALSE
	EndGlobalSection
	GlobalSection(ExtensibilityGlobals) = postSolution
		SolutionGuid = {53229C11-59CF-4C42-8B00-0C5FB60B01A5}
	EndGlobalSection
EndGlobal
